
Microsoft Visual Studio Solution File, Format Version 12.00
Project("{FAE04EC0-301F-11D3-BF4B-00C04F79EFBC}") = "TP 1", "TP 1\TP 1.csproj", "{8388B721-F64C-49A9-8F21-FD63A0B86BA0}"
EndProject
Global
	GlobalSection(SolutionConfigurationPlatforms) = preSolution
		Debug|Any CPU = Debug|Any CPU
		Release|Any CPU = Release|Any CPU
	EndGlobalSection
	GlobalSection(ProjectConfigurationPlatforms) = postSolution
		{8388B721-F64C-49A9-8F21-FD63A0B86BA0}.Debug|Any CPU.ActiveCfg = Debug|Any CPU
		{8388B721-F64C-49A9-8F21-FD63A0B86BA0}.Debug|Any CPU.Build.0 = Debug|Any CPU
		{8388B721-F64C-49A9-8F21-FD63A0B86BA0}.Release|Any CPU.ActiveCfg = Release|Any CPU
		{8388B721-F64C-49A9-8F21-FD63A0B86BA0}.Release|Any CPU.Build.0 = Release|Any CPU
	EndGlobalSection
EndGlobal
